
Microsoft Visual Studio Solution File, Format Version 12.00
# Visual Studio Version 16
VisualStudioVersion = 16.0.32106.194
MinimumVisualStudioVersion = 10.0.40219.1
Project("{FAE04EC0-301F-11D3-BF4B-00C04F79EFBC}") = "E-shift_Management_System", "E-shift_Management_System\E-shift_Management_System.csproj", "{2EF91D01-EB50-4B0C-B02C-08F2B80C61AA}"
EndProject
Global
	GlobalSection(SolutionConfigurationPlatforms) = preSolution
		Debug|Any CPU = Debug|Any CPU
		Release|Any CPU = Release|Any CPU
	EndGlobalSection
	GlobalSection(ProjectConfigurationPlatforms) = postSolution
		{2EF91D01-EB50-4B0C-B02C-08F2B80C61AA}.Debug|Any CPU.ActiveCfg = Debug|Any CPU
		{2EF91D01-EB50-4B0C-B02C-08F2B80C61AA}.Debug|Any CPU.Build.0 = Debug|Any CPU
		{2EF91D01-EB50-4B0C-B02C-08F2B80C61AA}.Release|Any CPU.ActiveCfg = Release|Any CPU
		{2EF91D01-EB50-4B0C-B02C-08F2B80C61AA}.Release|Any CPU.Build.0 = Release|Any CPU
	EndGlobalSection
	GlobalSection(SolutionProperties) = preSolution
		HideSolutionNode = FALSE
	EndGlobalSection
	GlobalSection(ExtensibilityGlobals) = postSolution
		SolutionGuid = {8C5F08CA-3DFA-4F32-ADA6-BDDC2D050300}
	EndGlobalSection
EndGlobal
